{
  "name": "vuescrollnext",
  "version": "1.0.0",
  "lockfileVersion": 2,
  "requires": true,
  "packages": {
    "": {
      "name": "vuescrollnext",
      "version": "1.0.0",
      "license": "ISC",
      "dependencies": {
        "perfect-scrollbar": "^1.5.1"
      }
    },
    "node_modules/perfect-scrollbar": {
      "version": "1.5.1",
      "resolved": "https://registry.nlark.com/perfect-scrollbar/download/perfect-scrollbar-1.5.1.tgz?cache=0&sync_timestamp=1620285198968&other_urls=https%3A%2F%2Fregistry.nlark.com%2Fperfect-scrollbar%2Fdownload%2Fperfect-scrollbar-1.5.1.tgz",
      "integrity": "sha1-juWzygbOnD9zOP1KtnpVJIps874="
    }
  },
  "dependencies": {
    "perfect-scrollbar": {
      "version": "1.5.1",
      "resolved": "https://registry.nlark.com/perfect-scrollbar/download/perfect-scrollbar-1.5.1.tgz?cache=0&sync_timestamp=1620285198968&other_urls=https%3A%2F%2Fregistry.nlark.com%2Fperfect-scrollbar%2Fdownload%2Fperfect-scrollbar-1.5.1.tgz",
      "integrity": "sha1-juWzygbOnD9zOP1KtnpVJIps874="
    }
  }
}
